lockfileVersion: '9.0'

settings:
  autoInstallPeers: true
  excludeLinksFromLockfile: false

importers:

  .: {}

  apps/control-plane:
    devDependencies:
      '@types/node':
        specifier: ^22.0.0
        version: 22.19.15
      typescript:
        specifier: ^5.7.0
        version: 5.9.3

  apps/sandbox-demo:
    devDependencies:
      '@types/node':
        specifier: ^22.0.0
        version: 22.19.15
      typescript:
        specifier: ^5.7.0
        version: 5.9.3

  packages/adapters/adapter-cloud:
    dependencies:
      '@lattice-kernel/schemas':
        specifier: workspace:*
        version: link:../../schemas
    devDependencies:
      typescript:
        specifier: ^5.7.0
        version: 5.9.3

  packages/adapters/adapter-local:
    dependencies:
      '@lattice-kernel/schemas':
        specifier: workspace:*
        version: link:../../schemas
    devDependencies:
      typescript:
        specifier: ^5.7.0
        version: 5.9.3

  packages/adapters/adapter-web:
    dependencies:
      '@lattice-kernel/schemas':
        specifier: workspace:*
        version: link:../../schemas
    devDependencies:
      typescript:
        specifier: ^5.7.0
        version: 5.9.3

  packages/audit:
    dependencies:
      '@lattice-kernel/schemas':
        specifier: workspace:*
        version: link:../schemas
    devDependencies:
      typescript:
        specifier: ^5.7.0
        version: 5.9.3

  packages/crypto:
    devDependencies:
      typescript:
        specifier: ^5.7.0
        version: 5.9.3

  packages/memory:
    dependencies:
      '@lattice-kernel/schemas':
        specifier: workspace:*
        version: link:../schemas
    devDependencies:
      typescript:
        specifier: ^5.7.0
        version: 5.9.3

  packages/policy-engine:
    dependencies:
      '@lattice-kernel/schemas':
        specifier: workspace:*
        version: link:../schemas
    devDependencies:
      typescript:
        specifier: ^5.7.0
        version: 5.9.3

  packages/runtime:
    dependencies:
      '@lattice-kernel/schemas':
        specifier: workspace:*
        version: link:../schemas
    devDependencies:
      typescript:
        specifier: ^5.7.0
        version: 5.9.3

  packages/schemas:
    dependencies:
      zod:
        specifier: ^3.24.0
        version: 3.25.76
    devDependencies:
      typescript:
        specifier: ^5.7.0
        version: 5.9.3

  packages/sdk:
    dependencies:
      '@lattice-kernel/runtime':
        specifier: workspace:*
        version: link:../runtime
      '@lattice-kernel/schemas':
        specifier: workspace:*
        version: link:../schemas
    devDependencies:
      typescript:
        specifier: ^5.7.0
        version: 5.9.3

  packages/tooling:
    devDependencies:
      typescript:
        specifier: ^5.7.0
        version: 5.9.3

packages:

  '@types/node@22.19.15':
    resolution: {integrity: sha512-F0R/h2+dsy5wJAUe3tAU6oqa2qbWY5TpNfL/RGmo1y38hiyO1w3x2jPtt76wmuaJI4DQnOBu21cNXQ2STIUUWg==}

  typescript@5.9.3:
    resolution: {integrity: sha512-jl1vZzPDinLr9eUt3J/t7V6FgNEw9QjvBPdysz9KfQDD41fQrC2Y4vKQdiaUpFT4bXlb1RHhLpp8wtm6M5TgSw==}
    engines: {node: '>=14.17'}
    hasBin: true

  undici-types@6.21.0:
    resolution: {integrity: sha512-iwDZqg0QAGrg9Rav5H4n0M64c3mkR59cJ6wQp+7C4nI0gsmExaedaYLNO44eT4AtBBwjbTiGPMlt2Md0T9H9JQ==}

  zod@3.25.76:
    resolution: {integrity: sha512-gzUt/qt81nXsFGKIFcC3YnfEAx5NkunCfnDlvuBSSFS02bcXu4Lmea0AFIUwbLWxWPx3d9p8S5QoaujKcNQxcQ==}

snapshots:

  '@types/node@22.19.15':
    dependencies:
      undici-types: 6.21.0

  typescript@5.9.3: {}

  undici-types@6.21.0: {}

  zod@3.25.76: {}
